
Microsoft Visual Studio Solution File, Format Version 12.00
# Visual Studio 2013
VisualStudioVersion = 12.0.40629.0
MinimumVisualStudioVersion = 10.0.40219.1
Project("{FAE04EC0-301F-11D3-BF4B-00C04F79EFBC}") = "WebTraceRT", "WebTraceRT\WebTraceRT.csproj", "{963223B9-E889-4F70-BECC-4DBB6FBC9865}"
EndProject
Project("{FAE04EC0-301F-11D3-BF4B-00C04F79EFBC}") = "WebTraceRT.Util", "WebTraceRT.Net\WebTraceRT.Util.csproj", "{839674EC-E02E-43D6-9E3D-B6621161D7F9}"
EndProject
Global
	GlobalSection(SolutionConfigurationPlatforms) = preSolution
		Debug|Any CPU = Debug|Any CPU
		Release|Any CPU = Release|Any CPU
	EndGlobalSection
	GlobalSection(ProjectConfigurationPlatforms) = postSolution
		{963223B9-E889-4F70-BECC-4DBB6FBC9865}.Debug|Any CPU.ActiveCfg = Debug|Any CPU
		{963223B9-E889-4F70-BECC-4DBB6FBC9865}.Debug|Any CPU.Build.0 = Debug|Any CPU
		{963223B9-E889-4F70-BECC-4DBB6FBC9865}.Release|Any CPU.ActiveCfg = Release|Any CPU
		{963223B9-E889-4F70-BECC-4DBB6FBC9865}.Release|Any CPU.Build.0 = Release|Any CPU
		{839674EC-E02E-43D6-9E3D-B6621161D7F9}.Debug|Any CPU.ActiveCfg = Debug|Any CPU
		{839674EC-E02E-43D6-9E3D-B6621161D7F9}.Debug|Any CPU.Build.0 = Debug|Any CPU
		{839674EC-E02E-43D6-9E3D-B6621161D7F9}.Release|Any CPU.ActiveCfg = Release|Any CPU
		{839674EC-E02E-43D6-9E3D-B6621161D7F9}.Release|Any CPU.Build.0 = Release|Any CPU
	EndGlobalSection
	GlobalSection(SolutionProperties) = preSolution
		HideSolutionNode = FALSE
	EndGlobalSection
EndGlobal
